// !$*UTF8*$!
{
	archiveVersion = 1;
	classes = {
	};
	objectVersion = 46;
	objects = {

/* Begin PBXBuildFile section */
		4C251AD21E2B3B9900346DFA /* ListIssues.storyboard in Resources */ = {isa = PBXBuildFile; fileRef = 4C251AD11E2B3B9900346DFA /* ListIssues.storyboard */; };
		4C251AD51E2B3C3A00346DFA /* ListIssuesViewController.swift in Sources */ = {isa = PBXBuildFile; fileRef = 4C251AD41E2B3C3A00346DFA /* ListIssuesViewController.swift */; };
		4C251AD81E2B3CB900346DFA /* ListIssuesUITests.swift in Sources */ = {isa = PBXBuildFile; fileRef = 4C251AD71E2B3CB900346DFA /* ListIssuesUITests.swift */; };
		4C251ADB1E2B402500346DFA /* Main.storyboard in Resources */ = {isa = PBXBuildFile; fileRef = 4C251AD91E2B402500346DFA /* Main.storyboard */; };
		4C251ADC1E2B402500346DFA /* LaunchScreen.storyboard in Resources */ = {isa = PBXBuildFile; fileRef = 4C251ADA1E2B402500346DFA /* LaunchScreen.storyboard */; };
		4C38CEE11E2B377D00A59D9C /* GSMessages.framework in Frameworks */ = {isa = PBXBuildFile; fileRef = 4C38CED71E2B377D00A59D9C /* GSMessages.framework */; };
		4C38CEE21E2B377D00A59D9C /* IGListKit.framework in Frameworks */ = {isa = PBXBuildFile; fileRef = 4C38CED81E2B377D00A59D9C /* IGListKit.framework */; };
		4C38CEE31E2B377D00A59D9C /* ObjectMapper.framework in Frameworks */ = {isa = PBXBuildFile; fileRef = 4C38CED91E2B377D00A59D9C /* ObjectMapper.framework */; };
		4C38CEE41E2B377D00A59D9C /* Realm.framework in Frameworks */ = {isa = PBXBuildFile; fileRef = 4C38CEDA1E2B377D00A59D9C /* Realm.framework */; };
		4C38CEE51E2B377D00A59D9C /* RealmSwift.framework in Frameworks */ = {isa = PBXBuildFile; fileRef = 4C38CEDB1E2B377D00A59D9C /* RealmSwift.framework */; };
		4C38CEE61E2B377D00A59D9C /* RxCocoa.framework in Frameworks */ = {isa = PBXBuildFile; fileRef = 4C38CEDC1E2B377D00A59D9C /* RxCocoa.framework */; };
		4C38CEE71E2B377D00A59D9C /* RxDataSources.framework in Frameworks */ = {isa = PBXBuildFile; fileRef = 4C38CEDD1E2B377D00A59D9C /* RxDataSources.framework */; };
		4C38CEE81E2B377D00A59D9C /* RxOptional.framework in Frameworks */ = {isa = PBXBuildFile; fileRef = 4C38CEDE1E2B377D00A59D9C /* RxOptional.framework */; };
		4C38CEE91E2B377D00A59D9C /* RxSwift.framework in Frameworks */ = {isa = PBXBuildFile; fileRef = 4C38CEDF1E2B377D00A59D9C /* RxSwift.framework */; };
		4C38CEEA1E2B377D00A59D9C /* SwiftyJSON.framework in Frameworks */ = {isa = PBXBuildFile; fileRef = 4C38CEE01E2B377D00A59D9C /* SwiftyJSON.framework */; };
		4C38CEEE1E2B384200A59D9C /* Nimble.framework in Frameworks */ = {isa = PBXBuildFile; fileRef = 4C38CEEC1E2B384200A59D9C /* Nimble.framework */; };
		4C38CEEF1E2B384200A59D9C /* Quick.framework in Frameworks */ = {isa = PBXBuildFile; fileRef = 4C38CEED1E2B384200A59D9C /* Quick.framework */; };
		4C8A1F671E2B333300F4F1B5 /* AppDelegate.swift in Sources */ = {isa = PBXBuildFile; fileRef = 4C8A1F661E2B333300F4F1B5 /* AppDelegate.swift */; };
		4C8A1F6E1E2B333300F4F1B5 /* Assets.xcassets in Resources */ = {isa = PBXBuildFile; fileRef = 4C8A1F6D1E2B333300F4F1B5 /* Assets.xcassets */; };
		4C8A1F7C1E2B333300F4F1B5 /* GitHubTests.swift in Sources */ = {isa = PBXBuildFile; fileRef = 4C8A1F7B1E2B333300F4F1B5 /* GitHubTests.swift */; };
		4C8A1F871E2B333300F4F1B5 /* UITestCase.swift in Sources */ = {isa = PBXBuildFile; fileRef = 4C8A1F861E2B333300F4F1B5 /* UITestCase.swift */; };
/* End PBXBuildFile section */

/* Begin PBXContainerItemProxy section */
		4C8A1F781E2B333300F4F1B5 /* PBXContainerItemProxy */ = {
			isa = PBXContainerItemProxy;
			containerPortal = 4C8A1F5B1E2B333300F4F1B5 /* Project object */;
			proxyType = 1;
			remoteGlobalIDString = 4C8A1F621E2B333300F4F1B5;
			remoteInfo = GitHub;
		};
		4C8A1F831E2B333300F4F1B5 /* PBXContainerItemProxy */ = {
			isa = PBXContainerItemProxy;
			containerPortal = 4C8A1F5B1E2B333300F4F1B5 /* Project object */;
			proxyType = 1;
			remoteGlobalIDString = 4C8A1F621E2B333300F4F1B5;
			remoteInfo = GitHub;
		};
/* End PBXContainerItemProxy section */

/* Begin PBXFileReference section */
		4C251AD11E2B3B9900346DFA /* ListIssues.storyboard */ = {isa = PBXFileReference; fileEncoding = 4; lastKnownFileType = file.storyboard; name = ListIssues.storyboard; path = Storyboards/ListIssues.storyboard; sourceTree = "<group>"; };
		4C251AD41E2B3C3A00346DFA /* ListIssuesViewController.swift */ = {isa = PBXFileReference; fileEncoding = 4; lastKnownFileType = sourcecode.swift; name = ListIssuesViewController.swift; path = Scenes/ListIssues/ListIssuesViewController.swift; sourceTree = "<group>"; };
		4C251AD71E2B3CB900346DFA /* ListIssuesUITests.swift */ = {isa = PBXFileReference; fileEncoding = 4; lastKnownFileType = sourcecode.swift; name = ListIssuesUITests.swift; path = Scenes/ListIssuesUITests.swift; sourceTree = "<group>"; };
		4C251AD91E2B402500346DFA /* Main.storyboard */ = {isa = PBXFileReference; fileEncoding = 4; lastKnownFileType = file.storyboard; name = Main.storyboard; path = Storyboards/Main.storyboard; sourceTree = "<group>"; };
		4C251ADA1E2B402500346DFA /* LaunchScreen.storyboard */ = {isa = PBXFileReference; fileEncoding = 4; lastKnownFileType = file.storyboard; name = LaunchScreen.storyboard; path = Storyboards/LaunchScreen.storyboard; sourceTree = "<group>"; };
		4C38CED71E2B377D00A59D9C /* GSMessages.framework */ = {isa = PBXFileReference; lastKnownFileType = wrapper.framework; name = GSMessages.framework; path = Carthage/Build/iOS/GSMessages.framework; sourceTree = "<group>"; };
		4C38CED81E2B377D00A59D9C /* IGListKit.framework */ = {isa = PBXFileReference; lastKnownFileType = wrapper.framework; name = IGListKit.framework; path = Carthage/Build/iOS/IGListKit.framework; sourceTree = "<group>"; };
		4C38CED91E2B377D00A59D9C /* ObjectMapper.framework */ = {isa = PBXFileReference; lastKnownFileType = wrapper.framework; name = ObjectMapper.framework; path = Carthage/Build/iOS/ObjectMapper.framework; sourceTree = "<group>"; };
		4C38CEDA1E2B377D00A59D9C /* Realm.framework */ = {isa = PBXFileReference; lastKnownFileType = wrapper.framework; name = Realm.framework; path = Carthage/Build/iOS/Realm.framework; sourceTree = "<group>"; };
		4C38CEDB1E2B377D00A59D9C /* RealmSwift.framework */ = {isa = PBXFileReference; lastKnownFileType = wrapper.framework; name = RealmSwift.framework; path = Carthage/Build/iOS/RealmSwift.framework; sourceTree = "<group>"; };
		4C38CEDC1E2B377D00A59D9C /* RxCocoa.framework */ = {isa = PBXFileReference; lastKnownFileType = wrapper.framework; name = RxCocoa.framework; path = Carthage/Build/iOS/RxCocoa.framework; sourceTree = "<group>"; };
		4C38CEDD1E2B377D00A59D9C /* RxDataSources.framework */ = {isa = PBXFileReference; lastKnownFileType = wrapper.framework; name = RxDataSources.framework; path = Carthage/Build/iOS/RxDataSources.framework; sourceTree = "<group>"; };
		4C38CEDE1E2B377D00A59D9C /* RxOptional.framework */ = {isa = PBXFileReference; lastKnownFileType = wrapper.framework; name = RxOptional.framework; path = Carthage/Build/iOS/RxOptional.framework; sourceTree = "<group>"; };
		4C38CEDF1E2B377D00A59D9C /* RxSwift.framework */ = {isa = PBXFileReference; lastKnownFileType = wrapper.framework; name = RxSwift.framework; path = Carthage/Build/iOS/RxSwift.framework; sourceTree = "<group>"; };
		4C38CEE01E2B377D00A59D9C /* SwiftyJSON.framework */ = {isa = PBXFileReference; lastKnownFileType = wrapper.framework; name = SwiftyJSON.framework; path = Carthage/Build/iOS/SwiftyJSON.framework; sourceTree = "<group>"; };
		4C38CEEC1E2B384200A59D9C /* Nimble.framework */ = {isa = PBXFileReference; lastKnownFileType = wrapper.framework; name = Nimble.framework; path = Carthage/Build/iOS/Nimble.framework; sourceTree = "<group>"; };
		4C38CEED1E2B384200A59D9C /* Quick.framework */ = {isa = PBXFileReference; lastKnownFileType = wrapper.framework; name = Quick.framework; path = Carthage/Build/iOS/Quick.framework; sourceTree = "<group>"; };
		4C8A1F631E2B333300F4F1B5 /* GitHub.app */ = {isa = PBXFileReference; explicitFileType = wrapper.application; includeInIndex = 0; path = GitHub.app; sourceTree = BUILT_PRODUCTS_DIR; };
		4C8A1F661E2B333300F4F1B5 /* AppDelegate.swift */ = {isa = PBXFileReference; lastKnownFileType = sourcecode.swift; path = AppDelegate.swift; sourceTree = "<group>"; };
		4C8A1F6D1E2B333300F4F1B5 /* Assets.xcassets */ = {isa = PBXFileReference; lastKnownFileType = folder.assetcatalog; path = Assets.xcassets; sourceTree = "<group>"; };
		4C8A1F721E2B333300F4F1B5 /* Info.plist */ = {isa = PBXFileReference; lastKnownFileType = text.plist.xml; path = Info.plist; sourceTree = "<group>"; };
		4C8A1F771E2B333300F4F1B5 /* GitHubTests.xctest */ = {isa = PBXFileReference; explicitFileType = wrapper.cfbundle; includeInIndex = 0; path = GitHubTests.xctest; sourceTree = BUILT_PRODUCTS_DIR; };
		4C8A1F7B1E2B333300F4F1B5 /* GitHubTests.swift */ = {isa = PBXFileReference; lastKnownFileType = sourcecode.swift; path = GitHubTests.swift; sourceTree = "<group>"; };
		4C8A1F7D1E2B333300F4F1B5 /* Info.plist */ = {isa = PBXFileReference; lastKnownFileType = text.plist.xml; path = Info.plist; sourceTree = "<group>"; };
		4C8A1F821E2B333300F4F1B5 /* GitHubUITests.xctest */ = {isa = PBXFileReference; explicitFileType = wrapper.cfbundle; includeInIndex = 0; path = GitHubUITests.xctest; sourceTree = BUILT_PRODUCTS_DIR; };
		4C8A1F861E2B333300F4F1B5 /* UITestCase.swift */ = {isa = PBXFileReference; lastKnownFileType = sourcecode.swift; path = UITestCase.swift; sourceTree = "<group>"; };
		4C8A1F881E2B333300F4F1B5 /* Info.plist */ = {isa = PBXFileReference; lastKnownFileType = text.plist.xml; path = Info.plist; sourceTree = "<group>"; };
/* End PBXFileReference section */

/* Begin PBXFrameworksBuildPhase section */
		4C8A1F601E2B333300F4F1B5 /* Frameworks */ = {
			isa = PBXFrameworksBuildPhase;
			buildActionMask = 2147483647;
			files = (
				4C38CEE11E2B377D00A59D9C /* GSMessages.framework in Frameworks */,
				4C38CEE21E2B377D00A59D9C /* IGListKit.framework in Frameworks */,
				4C38CEE31E2B377D00A59D9C /* ObjectMapper.framework in Frameworks */,
				4C38CEE41E2B377D00A59D9C /* Realm.framework in Frameworks */,
				4C38CEE51E2B377D00A59D9C /* RealmSwift.framework in Frameworks */,
				4C38CEE61E2B377D00A59D9C /* RxCocoa.framework in Frameworks */,
				4C38CEE71E2B377D00A59D9C /* RxDataSources.framework in Frameworks */,
				4C38CEE81E2B377D00A59D9C /* RxOptional.framework in Frameworks */,
				4C38CEE91E2B377D00A59D9C /* RxSwift.framework in Frameworks */,
				4C38CEEA1E2B377D00A59D9C /* SwiftyJSON.framework in Frameworks */,
			);
			runOnlyForDeploymentPostprocessing = 0;
		};
		4C8A1F741E2B333300F4F1B5 /* Frameworks */ = {
			isa = PBXFrameworksBuildPhase;
			buildActionMask = 2147483647;
			files = (
				4C38CEEE1E2B384200A59D9C /* Nimble.framework in Frameworks */,
				4C38CEEF1E2B384200A59D9C /* Quick.framework in Frameworks */,
			);
			runOnlyForDeploymentPostprocessing = 0;
		};
		4C8A1F7F1E2B333300F4F1B5 /* Frameworks */ = {
			isa = PBXFrameworksBuildPhase;
			buildActionMask = 2147483647;
			files = (
			);
			runOnlyForDeploymentPostprocessing = 0;
		};
/* End PBXFrameworksBuildPhase section */

/* Begin PBXGroup section */
		4C251ACF1E2B3B5200346DFA /* Scenes */ = {
			isa = PBXGroup;
			children = (
				4C251AD31E2B3C2200346DFA /* ListIssues */,
			);
			name = Scenes;
			sourceTree = "<group>";
		};
		4C251AD01E2B3B5700346DFA /* Storyboards */ = {
			isa = PBXGroup;
			children = (
				4C251AD91E2B402500346DFA /* Main.storyboard */,
				4C251ADA1E2B402500346DFA /* LaunchScreen.storyboard */,
				4C251AD11E2B3B9900346DFA /* ListIssues.storyboard */,
			);
			name = Storyboards;
			sourceTree = "<group>";
		};
		4C251AD31E2B3C2200346DFA /* ListIssues */ = {
			isa = PBXGroup;
			children = (
				4C251AD41E2B3C3A00346DFA /* ListIssuesViewController.swift */,
			);
			name = ListIssues;
			sourceTree = "<group>";
		};
		4C251AD61E2B3CA300346DFA /* Scenes */ = {
			isa = PBXGroup;
			children = (
				4C251AD71E2B3CB900346DFA /* ListIssuesUITests.swift */,
			);
			name = Scenes;
			sourceTree = "<group>";
		};
		4C38CED61E2B377D00A59D9C /* Frameworks */ = {
			isa = PBXGroup;
			children = (
				4C38CEEC1E2B384200A59D9C /* Nimble.framework */,
				4C38CEED1E2B384200A59D9C /* Quick.framework */,
				4C38CED71E2B377D00A59D9C /* GSMessages.framework */,
				4C38CED81E2B377D00A59D9C /* IGListKit.framework */,
				4C38CED91E2B377D00A59D9C /* ObjectMapper.framework */,
				4C38CEDA1E2B377D00A59D9C /* Realm.framework */,
				4C38CEDB1E2B377D00A59D9C /* RealmSwift.framework */,
				4C38CEDC1E2B377D00A59D9C /* RxCocoa.framework */,
				4C38CEDD1E2B377D00A59D9C /* RxDataSources.framework */,
				4C38CEDE1E2B377D00A59D9C /* RxOptional.framework */,
				4C38CEDF1E2B377D00A59D9C /* RxSwift.framework */,
				4C38CEE01E2B377D00A59D9C /* SwiftyJSON.framework */,
			);
			name = Frameworks;
			sourceTree = "<group>";
		};
		4C8A1F5A1E2B333300F4F1B5 = {
			isa = PBXGroup;
			children = (
				4C8A1F651E2B333300F4F1B5 /* GitHub */,
				4C8A1F7A1E2B333300F4F1B5 /* GitHubTests */,
				4C8A1F851E2B333300F4F1B5 /* GitHubUITests */,
				4C8A1F641E2B333300F4F1B5 /* Products */,
				4C38CED61E2B377D00A59D9C /* Frameworks */,
			);
			sourceTree = "<group>";
		};
		4C8A1F641E2B333300F4F1B5 /* Products */ = {
			isa = PBXGroup;
			children = (
				4C8A1F631E2B333300F4F1B5 /* GitHub.app */,
				4C8A1F771E2B333300F4F1B5 /* GitHubTests.xctest */,
				4C8A1F821E2B333300F4F1B5 /* GitHubUITests.xctest */,
			);
			name = Products;
			sourceTree = "<group>";
		};
		4C8A1F651E2B333300F4F1B5 /* GitHub */ = {
			isa = PBXGroup;
			children = (
				4C251AD01E2B3B5700346DFA /* Storyboards */,
				4C251ACF1E2B3B5200346DFA /* Scenes */,
				4C8A1F661E2B333300F4F1B5 /* AppDelegate.swift */,
				4C8A1F6D1E2B333300F4F1B5 /* Assets.xcassets */,
				4C8A1F721E2B333300F4F1B5 /* Info.plist */,
			);
			path = GitHub;
			sourceTree = "<group>";
		};
		4C8A1F7A1E2B333300F4F1B5 /* GitHubTests */ = {
			isa = PBXGroup;
			children = (
				4C8A1F7B1E2B333300F4F1B5 /* GitHubTests.swift */,
				4C8A1F7D1E2B333300F4F1B5 /* Info.plist */,
			);
			path = GitHubTests;
			sourceTree = "<group>";
		};
		4C8A1F851E2B333300F4F1B5 /* GitHubUITests */ = {
			isa = PBXGroup;
			children = (
				4C8A1F861E2B333300F4F1B5 /* UITestCase.swift */,
				4C251AD61E2B3CA300346DFA /* Scenes */,
				4C8A1F881E2B333300F4F1B5 /* Info.plist */,
			);
			path = GitHubUITests;
			sourceTree = "<group>";
		};
/* End PBXGroup section */

/* Begin PBXNativeTarget section */
		4C8A1F621E2B333300F4F1B5 /* GitHub */ = {
			isa = PBXNativeTarget;
			buildConfigurationList = 4C8A1F8B1E2B333300F4F1B5 /* Build configuration list for PBXNativeTarget "GitHub" */;
			buildPhases = (
				4C8A1F5F1E2B333300F4F1B5 /* Sources */,
				4C8A1F601E2B333300F4F1B5 /* Frameworks */,
				4C8A1F611E2B333300F4F1B5 /* Resources */,
				4C38CEEB1E2B379C00A59D9C /* ShellScript */,
			);
			buildRules = (
			);
			dependencies = (
			);
			name = GitHub;
			productName = GitHub;
			productReference = 4C8A1F631E2B333300F4F1B5 /* GitHub.app */;
			productType = "com.apple.product-type.application";
		};
		4C8A1F761E2B333300F4F1B5 /* GitHubTests */ = {
			isa = PBXNativeTarget;
			buildConfigurationList = 4C8A1F8E1E2B333300F4F1B5 /* Build configuration list for PBXNativeTarget "GitHubTests" */;
			buildPhases = (
				4C8A1F731E2B333300F4F1B5 /* Sources */,
				4C8A1F741E2B333300F4F1B5 /* Frameworks */,
				4C8A1F751E2B333300F4F1B5 /* Resources */,
				4C38CEF01E2B384700A59D9C /* ShellScript */,
			);
			buildRules = (
			);
			dependencies = (
				4C8A1F791E2B333300F4F1B5 /* PBXTargetDependency */,
			);
			name = GitHubTests;
			productName = GitHubTests;
			productReference = 4C8A1F771E2B333300F4F1B5 /* GitHubTests.xctest */;
			productType = "com.apple.product-type.bundle.unit-test";
		};
		4C8A1F811E2B333300F4F1B5 /* GitHubUITests */ = {
			isa = PBXNativeTarget;
			buildConfigurationList = 4C8A1F911E2B333300F4F1B5 /* Build configuration list for PBXNativeTarget "GitHubUITests" */;
			buildPhases = (
				4C8A1F7E1E2B333300F4F1B5 /* Sources */,
				4C8A1F7F1E2B333300F4F1B5 /* Frameworks */,
				4C8A1F801E2B333300F4F1B5 /* Resources */,
			);
			buildRules = (
			);
			dependencies = (
				4C8A1F841E2B333300F4F1B5 /* PBXTargetDependency */,
			);
			name = GitHubUITests;
			productName = GitHubUITests;
			productReference = 4C8A1F821E2B333300F4F1B5 /* GitHubUITests.xctest */;
			productType = "com.apple.product-type.bundle.ui-testing";
		};
/* End PBXNativeTarget section */

/* Begin PBXProject section */
		4C8A1F5B1E2B333300F4F1B5 /* Project object */ = {
			isa = PBXProject;
			attributes = {
				LastSwiftUpdateCheck = 0820;
				LastUpgradeCheck = 0820;
				ORGANIZATIONNAME = cruz;
				TargetAttributes = {
					4C8A1F621E2B333300F4F1B5 = {
						CreatedOnToolsVersion = 8.2.1;
						ProvisioningStyle = Automatic;
					};
					4C8A1F761E2B333300F4F1B5 = {
						CreatedOnToolsVersion = 8.2.1;
						ProvisioningStyle = Automatic;
						TestTargetID = 4C8A1F621E2B333300F4F1B5;
					};
					4C8A1F811E2B333300F4F1B5 = {
						CreatedOnToolsVersion = 8.2.1;
						ProvisioningStyle = Automatic;
						TestTargetID = 4C8A1F621E2B333300F4F1B5;
					};
				};
			};
			buildConfigurationList = 4C8A1F5E1E2B333300F4F1B5 /* Build configuration list for PBXProject "GitHub" */;
			compatibilityVersion = "Xcode 3.2";
			developmentRegion = English;
			hasScannedForEncodings = 0;
			knownRegions = (
				en,
				Base,
			);
			mainGroup = 4C8A1F5A1E2B333300F4F1B5;
			productRefGroup = 4C8A1F641E2B333300F4F1B5 /* Products */;
			projectDirPath = "";
			projectRoot = "";
			targets = (
				4C8A1F621E2B333300F4F1B5 /* GitHub */,
				4C8A1F761E2B333300F4F1B5 /* GitHubTests */,
				4C8A1F811E2B333300F4F1B5 /* GitHubUITests */,
			);
		};
/* End PBXProject section */

/* Begin PBXResourcesBuildPhase section */
		4C8A1F611E2B333300F4F1B5 /* Resources */ = {
			isa = PBXResourcesBuildPhase;
			buildActionMask = 2147483647;
			files = (
				4C251ADB1E2B402500346DFA /* Main.storyboard in Resources */,
				4C251ADC1E2B402500346DFA /* LaunchScreen.storyboard in Resources */,
				4C251AD21E2B3B9900346DFA /* ListIssues.storyboard in Resources */,
				4C8A1F6E1E2B333300F4F1B5 /* Assets.xcassets in Resources */,
			);
			runOnlyForDeploymentPostprocessing = 0;
		};
		4C8A1F751E2B333300F4F1B5 /* Resources */ = {
			isa = PBXResourcesBuildPhase;
			buildActionMask = 2147483647;
			files = (
			);
			runOnlyForDeploymentPostprocessing = 0;
		};
		4C8A1F801E2B333300F4F1B5 /* Resources */ = {
			isa = PBXResourcesBuildPhase;
			buildActionMask = 2147483647;
			files = (
			);
			runOnlyForDeploymentPostprocessing = 0;
		};
/* End PBXResourcesBuildPhase section */

/* Begin PBXShellScriptBuildPhase section */
		4C38CEEB1E2B379C00A59D9C /* ShellScript */ = {
			isa = PBXShellScriptBuildPhase;
			buildActionMask = 2147483647;
			files = (
			);
			inputPaths = (
				"$(SRCROOT)/Carthage/Build/iOS/Realm.framework",
				"$(SRCROOT)/Carthage/Build/iOS/RealmSwift.framework",
				"$(SRCROOT)/Carthage/Build/iOS/GSMessages.framework",
				"$(SRCROOT)/Carthage/Build/iOS/RxSwift.framework",
				"$(SRCROOT)/Carthage/Build/iOS/RxCocoa.framework",
				"$(SRCROOT)/Carthage/Build/iOS/RxOptional.framework",
				"$(SRCROOT)/Carthage/Build/iOS/RxOptional.framework",
				"$(SRCROOT)/Carthage/Build/iOS/RxDataSources.framework",
				"$(SRCROOT)/Carthage/Build/iOS/IGListKit.framework",
				"$(SRCROOT)/Carthage/Build/iOS/ObjectMapper.framework",
				"$(SRCROOT)/Carthage/Build/iOS/SwiftyJSON.framework",
			);
			outputPaths = (
			);
			runOnlyForDeploymentPostprocessing = 0;
			shellPath = /bin/sh;
			shellScript = "/usr/local/bin/carthage copy-frameworks";
		};
		4C38CEF01E2B384700A59D9C /* ShellScript */ = {
			isa = PBXShellScriptBuildPhase;
			buildActionMask = 2147483647;
			files = (
			);
			inputPaths = (
				"$(SRCROOT)/Carthage/Build/iOS/Nimble.framework",
				"$(SRCROOT)/Carthage/Build/iOS/Quick.framework",
			);
			outputPaths = (
			);
			runOnlyForDeploymentPostprocessing = 0;
			shellPath = /bin/sh;
			shellScript = "/usr/local/bin/carthage copy-frameworks";
		};
/* End PBXShellScriptBuildPhase section */

/* Begin PBXSourcesBuildPhase section */
		4C8A1F5F1E2B333300F4F1B5 /* Sources */ = {
			isa = PBXSourcesBuildPhase;
			buildActionMask = 2147483647;
			files = (
				4C251AD51E2B3C3A00346DFA /* ListIssuesViewController.swift in Sources */,
				4C8A1F671E2B333300F4F1B5 /* AppDelegate.swift in Sources */,
			);
			runOnlyForDeploymentPostprocessing = 0;
		};
		4C8A1F731E2B333300F4F1B5 /* Sources */ = {
			isa = PBXSourcesBuildPhase;
			buildActionMask = 2147483647;
			files = (
				4C8A1F7C1E2B333300F4F1B5 /* GitHubTests.swift in Sources */,
			);
			runOnlyForDeploymentPostprocessing = 0;
		};
		4C8A1F7E1E2B333300F4F1B5 /* Sources */ = {
			isa = PBXSourcesBuildPhase;
			buildActionMask = 2147483647;
			files = (
				4C8A1F871E2B333300F4F1B5 /* UITestCase.swift in Sources */,
				4C251AD81E2B3CB900346DFA /* ListIssuesUITests.swift in Sources */,
			);
			runOnlyForDeploymentPostprocessing = 0;
		};
/* End PBXSourcesBuildPhase section */

/* Begin PBXTargetDependency section */
		4C8A1F791E2B333300F4F1B5 /* PBXTargetDependency */ = {
			isa = PBXTargetDependency;
			target = 4C8A1F621E2B333300F4F1B5 /* GitHub */;
			targetProxy = 4C8A1F781E2B333300F4F1B5 /* PBXContainerItemProxy */;
		};
		4C8A1F841E2B333300F4F1B5 /* PBXTargetDependency */ = {
			isa = PBXTargetDependency;
			target = 4C8A1F621E2B333300F4F1B5 /* GitHub */;
			targetProxy = 4C8A1F831E2B333300F4F1B5 /* PBXContainerItemProxy */;
		};
/* End PBXTargetDependency section */

/* Begin XCBuildConfiguration section */
		4C8A1F891E2B333300F4F1B5 /* Debug */ = {
			isa = XCBuildConfiguration;
			buildSettings = {
				ALWAYS_SEARCH_USER_PATHS = NO;
				CLANG_ANALYZER_NONNULL = YES;
				CLANG_CXX_LANGUAGE_STANDARD = "gnu++0x";
				CLANG_CXX_LIBRARY = "libc++";
				CLANG_ENABLE_MODULES = YES;
				CLANG_ENABLE_OBJC_ARC = YES;
				CLANG_WARN_BOOL_CONVERSION = YES;
				CLANG_WARN_CONSTANT_CONVERSION = YES;
				CLANG_WARN_DIRECT_OBJC_ISA_USAGE = YES_ERROR;
				CLANG_WARN_DOCUMENTATION_COMMENTS = YES;
				CLANG_WARN_EMPTY_BODY = YES;
				CLANG_WARN_ENUM_CONVERSION = YES;
				CLANG_WARN_INFINITE_RECURSION = YES;
				CLANG_WARN_INT_CONVERSION = YES;
				CLANG_WARN_OBJC_ROOT_CLASS = YES_ERROR;
				CLANG_WARN_SUSPICIOUS_MOVE = YES;
				CLANG_WARN_UNREACHABLE_CODE = YES;
				CLANG_WARN__DUPLICATE_METHOD_MATCH = YES;
				"CODE_SIGN_IDENTITY[sdk=iphoneos*]" = "iPhone Developer";
				COPY_PHASE_STRIP = NO;
				DEBUG_INFORMATION_FORMAT = dwarf;
				ENABLE_STRICT_OBJC_MSGSEND = YES;
				ENABLE_TESTABILITY = YES;
				GCC_C_LANGUAGE_STANDARD = gnu99;
				GCC_DYNAMIC_NO_PIC = NO;
				GCC_NO_COMMON_BLOCKS = YES;
				GCC_OPTIMIZATION_LEVEL = 0;
				GCC_PREPROCESSOR_DEFINITIONS = (
					"DEBUG=1",
					"$(inherited)",
				);
				GCC_WARN_64_TO_32_BIT_CONVERSION = YES;
				GCC_WARN_ABOUT_RETURN_TYPE = YES_ERROR;
				GCC_WARN_UNDECLARED_SELECTOR = YES;
				GCC_WARN_UNINITIALIZED_AUTOS = YES_AGGRESSIVE;
				GCC_WARN_UNUSED_FUNCTION = YES;
				GCC_WARN_UNUSED_VARIABLE = YES;
				IPHONEOS_DEPLOYMENT_TARGET = 10.2;
				MTL_ENABLE_DEBUG_INFO = YES;
				ONLY_ACTIVE_ARCH = YES;
				SDKROOT = iphoneos;
				SWIFT_ACTIVE_COMPILATION_CONDITIONS = DEBUG;
				SWIFT_OPTIMIZATION_LEVEL = "-Onone";
			};
			name = Debug;
		};
		4C8A1F8A1E2B333300F4F1B5 /* Release */ = {
			isa = XCBuildConfiguration;
			buildSettings = {
				ALWAYS_SEARCH_USER_PATHS = NO;
				CLANG_ANALYZER_NONNULL = YES;
				CLANG_CXX_LANGUAGE_STANDARD = "gnu++0x";
				CLANG_CXX_LIBRARY = "libc++";
				CLANG_ENABLE_MODULES = YES;
				CLANG_ENABLE_OBJC_ARC = YES;
				CLANG_WARN_BOOL_CONVERSION = YES;
				CLANG_WARN_CONSTANT_CONVERSION = YES;
				CLANG_WARN_DIRECT_OBJC_ISA_USAGE = YES_ERROR;
				CLANG_WARN_DOCUMENTATION_COMMENTS = YES;
				CLANG_WARN_EMPTY_BODY = YES;
				CLANG_WARN_ENUM_CONVERSION = YES;
				CLANG_WARN_INFINITE_RECURSION = YES;
				CLANG_WARN_INT_CONVERSION = YES;
				CLANG_WARN_OBJC_ROOT_CLASS = YES_ERROR;
				CLANG_WARN_SUSPICIOUS_MOVE = YES;
				CLANG_WARN_UNREACHABLE_CODE = YES;
				CLANG_WARN__DUPLICATE_METHOD_MATCH = YES;
				"CODE_SIGN_IDENTITY[sdk=iphoneos*]" = "iPhone Developer";
				COPY_PHASE_STRIP = NO;
				DEBUG_INFORMATION_FORMAT = "dwarf-with-dsym";
				ENABLE_NS_ASSERTIONS = NO;
				ENABLE_STRICT_OBJC_MSGSEND = YES;
				GCC_C_LANGUAGE_STANDARD = gnu99;
				GCC_NO_COMMON_BLOCKS = YES;
				GCC_WARN_64_TO_32_BIT_CONVERSION = YES;
				GCC_WARN_ABOUT_RETURN_TYPE = YES_ERROR;
				GCC_WARN_UNDECLARED_SELECTOR = YES;
				GCC_WARN_UNINITIALIZED_AUTOS = YES_AGGRESSIVE;
				GCC_WARN_UNUSED_FUNCTION = YES;
				GCC_WARN_UNUSED_VARIABLE = YES;
				IPHONEOS_DEPLOYMENT_TARGET = 10.2;
				MTL_ENABLE_DEBUG_INFO = NO;
				SDKROOT = iphoneos;
				SWIFT_OPTIMIZATION_LEVEL = "-Owholemodule";
				VALIDATE_PRODUCT = YES;
			};
			name = Release;
		};
		4C8A1F8C1E2B333300F4F1B5 /* Debug */ = {
			isa = XCBuildConfiguration;
			buildSettings = {
				ASSETCATALOG_COMPILER_APPICON_NAME = AppIcon;
				FRAMEWORK_SEARCH_PATHS = (
					"$(inherited)",
					"$(PROJECT_DIR)/Carthage/Build/iOS",
				);
				INFOPLIST_FILE = GitHub/Info.plist;
				IPHONEOS_DEPLOYMENT_TARGET = 9.0;
				LD_RUNPATH_SEARCH_PATHS = "$(inherited) @executable_path/Frameworks";
				PRODUCT_BUNDLE_IDENTIFIER = cruz.GitHub;
				PRODUCT_NAME = "$(TARGET_NAME)";
				SWIFT_VERSION = 3.0;
			};
			name = Debug;
		};
		4C8A1F8D1E2B333300F4F1B5 /* Release */ = {
			isa = XCBuildConfiguration;
			buildSettings = {
				ASSETCATALOG_COMPILER_APPICON_NAME = AppIcon;
				FRAMEWORK_SEARCH_PATHS = (
					"$(inherited)",
					"$(PROJECT_DIR)/Carthage/Build/iOS",
				);
				INFOPLIST_FILE = GitHub/Info.plist;
				IPHONEOS_DEPLOYMENT_TARGET = 9.0;
				LD_RUNPATH_SEARCH_PATHS = "$(inherited) @executable_path/Frameworks";
				PRODUCT_BUNDLE_IDENTIFIER = cruz.GitHub;
				PRODUCT_NAME = "$(TARGET_NAME)";
				SWIFT_VERSION = 3.0;
			};
			name = Release;
		};
		4C8A1F8F1E2B333300F4F1B5 /* Debug */ = {
			isa = XCBuildConfiguration;
			buildSettings = {
				ALWAYS_EMBED_SWIFT_STANDARD_LIBRARIES = YES;
				BUNDLE_LOADER = "$(TEST_HOST)";
				FRAMEWORK_SEARCH_PATHS = (
					"$(inherited)",
					"$(PROJECT_DIR)/Carthage/Build/iOS",
				);
				INFOPLIST_FILE = GitHubTests/Info.plist;
				LD_RUNPATH_SEARCH_PATHS = "$(inherited) @executable_path/Frameworks @loader_path/Frameworks";
				PRODUCT_BUNDLE_IDENTIFIER = cruz.GitHubTests;
				PRODUCT_NAME = "$(TARGET_NAME)";
				SWIFT_VERSION = 3.0;
				TEST_HOST = "$(BUILT_PRODUCTS_DIR)/GitHub.app/GitHub";
			};
			name = Debug;
		};
		4C8A1F901E2B333300F4F1B5 /* Release */ = {
			isa = XCBuildConfiguration;
			buildSettings = {
				ALWAYS_EMBED_SWIFT_STANDARD_LIBRARIES = YES;
				BUNDLE_LOADER = "$(TEST_HOST)";
				FRAMEWORK_SEARCH_PATHS = (
					"$(inherited)",
					"$(PROJECT_DIR)/Carthage/Build/iOS",
				);
				INFOPLIST_FILE = GitHubTests/Info.plist;
				LD_RUNPATH_SEARCH_PATHS = "$(inherited) @executable_path/Frameworks @loader_path/Frameworks";
				PRODUCT_BUNDLE_IDENTIFIER = cruz.GitHubTests;
				PRODUCT_NAME = "$(TARGET_NAME)";
				SWIFT_VERSION = 3.0;
				TEST_HOST = "$(BUILT_PRODUCTS_DIR)/GitHub.app/GitHub";
			};
			name = Release;
		};
		4C8A1F921E2B333300F4F1B5 /* Debug */ = {
			isa = XCBuildConfiguration;
			buildSettings = {
				ALWAYS_EMBED_SWIFT_STANDARD_LIBRARIES = YES;
				INFOPLIST_FILE = GitHubUITests/Info.plist;
				LD_RUNPATH_SEARCH_PATHS = "$(inherited) @executable_path/Frameworks @loader_path/Frameworks";
				PRODUCT_BUNDLE_IDENTIFIER = cruz.GitHubUITests;
				PRODUCT_NAME = "$(TARGET_NAME)";
				SWIFT_VERSION = 3.0;
				TEST_TARGET_NAME = GitHub;
			};
			name = Debug;
		};
		4C8A1F931E2B333300F4F1B5 /* Release */ = {
			isa = XCBuildConfiguration;
			buildSettings = {
				ALWAYS_EMBED_SWIFT_STANDARD_LIBRARIES = YES;
				INFOPLIST_FILE = GitHubUITests/Info.plist;
				LD_RUNPATH_SEARCH_PATHS = "$(inherited) @executable_path/Frameworks @loader_path/Frameworks";
				PRODUCT_BUNDLE_IDENTIFIER = cruz.GitHubUITests;
				PRODUCT_NAME = "$(TARGET_NAME)";
				SWIFT_VERSION = 3.0;
				TEST_TARGET_NAME = GitHub;
			};
			name = Release;
		};
/* End XCBuildConfiguration section */

/* Begin XCConfigurationList section */
		4C8A1F5E1E2B333300F4F1B5 /* Build configuration list for PBXProject "GitHub" */ = {
			isa = XCConfigurationList;
			buildConfigurations = (
				4C8A1F891E2B333300F4F1B5 /* Debug */,
				4C8A1F8A1E2B333300F4F1B5 /* Release */,
			);
			defaultConfigurationIsVisible = 0;
			defaultConfigurationName = Release;
		};
		4C8A1F8B1E2B333300F4F1B5 /* Build configuration list for PBXNativeTarget "GitHub" */ = {
			isa = XCConfigurationList;
			buildConfigurations = (
				4C8A1F8C1E2B333300F4F1B5 /* Debug */,
				4C8A1F8D1E2B333300F4F1B5 /* Release */,
			);
			defaultConfigurationIsVisible = 0;
			defaultConfigurationName = Release;
		};
		4C8A1F8E1E2B333300F4F1B5 /* Build configuration list for PBXNativeTarget "GitHubTests" */ = {
			isa = XCConfigurationList;
			buildConfigurations = (
				4C8A1F8F1E2B333300F4F1B5 /* Debug */,
				4C8A1F901E2B333300F4F1B5 /* Release */,
			);
			defaultConfigurationIsVisible = 0;
			defaultConfigurationName = Release;
		};
		4C8A1F911E2B333300F4F1B5 /* Build configuration list for PBXNativeTarget "GitHubUITests" */ = {
			isa = XCConfigurationList;
			buildConfigurations = (
				4C8A1F921E2B333300F4F1B5 /* Debug */,
				4C8A1F931E2B333300F4F1B5 /* Release */,
			);
			defaultConfigurationIsVisible = 0;
			defaultConfigurationName = Release;
		};
/* End XCConfigurationList section */
	};
	rootObject = 4C8A1F5B1E2B333300F4F1B5 /* Project object */;
}
